
Microsoft Visual Studio Solution File, Format Version 12.00
# Visual Studio Version 16
VisualStudioVersion = 16.0.808.4
MinimumVisualStudioVersion = 10.0.40219.1
Project("{FAE04EC0-301F-11D3-BF4B-00C04F79EFBC}") = "CMLisp", "CMLisp\CMLisp.csproj", "{6E50B2AA-50D9-4924-B715-EF68F6CC18BD}"
EndProject
Global
	GlobalSection(SolutionConfigurationPlatforms) = preSolution
		Debug|Any CPU = Debug|Any CPU
		Release|Any CPU = Release|Any CPU
	EndGlobalSection
	GlobalSection(ProjectConfigurationPlatforms) = postSolution
		{6E50B2AA-50D9-4924-B715-EF68F6CC18BD}.Debug|Any CPU.ActiveCfg = Debug|Any CPU
		{6E50B2AA-50D9-4924-B715-EF68F6CC18BD}.Debug|Any CPU.Build.0 = Debug|Any CPU
		{6E50B2AA-50D9-4924-B715-EF68F6CC18BD}.Release|Any CPU.ActiveCfg = Release|Any CPU
		{6E50B2AA-50D9-4924-B715-EF68F6CC18BD}.Release|Any CPU.Build.0 = Release|Any CPU
	EndGlobalSection
	GlobalSection(SolutionProperties) = preSolution
		HideSolutionNode = FALSE
	EndGlobalSection
	GlobalSection(ExtensibilityGlobals) = postSolution
		SolutionGuid = {06A85AEB-39DB-4035-B4C6-AF3AD2773D66}
	EndGlobalSection
EndGlobal
