
Microsoft Visual Studio Solution File, Format Version 12.00
# Visual Studio Version 16
VisualStudioVersion = 16.0.808.4
MinimumVisualStudioVersion = 10.0.40219.1
Project("{FAE04EC0-301F-11D3-BF4B-00C04F79EFBC}") = "CMLisp", "CMLisp.csproj", "{7EF3AD5F-F316-4826-BD3F-01E79E2488C7}"
EndProject
Global
	GlobalSection(SolutionConfigurationPlatforms) = preSolution
		Debug|Any CPU = Debug|Any CPU
		Release|Any CPU = Release|Any CPU
	EndGlobalSection
	GlobalSection(ProjectConfigurationPlatforms) = postSolution
		{7EF3AD5F-F316-4826-BD3F-01E79E2488C7}.Debug|Any CPU.ActiveCfg = Debug|Any CPU
		{7EF3AD5F-F316-4826-BD3F-01E79E2488C7}.Debug|Any CPU.Build.0 = Debug|Any CPU
		{7EF3AD5F-F316-4826-BD3F-01E79E2488C7}.Release|Any CPU.ActiveCfg = Release|Any CPU
		{7EF3AD5F-F316-4826-BD3F-01E79E2488C7}.Release|Any CPU.Build.0 = Release|Any CPU
	EndGlobalSection
	GlobalSection(SolutionProperties) = preSolution
		HideSolutionNode = FALSE
	EndGlobalSection
	GlobalSection(ExtensibilityGlobals) = postSolution
		SolutionGuid = {33822EBB-2E9D-40C9-83FF-BE393629C9F3}
	EndGlobalSection
EndGlobal
